// !$*UTF8*$!
{
	archiveVersion = 1;
	classes = {
	};
	objectVersion = 46;
	objects = {

/* Begin PBXBuildFile section */
		020038E7158F89C700F478DE /* ServiceManagement.framework in Frameworks */ = {isa = PBXBuildFile; fileRef = 020038E6158F89C700F478DE /* ServiceManagement.framework */; };
		02135B511586F99F001480AD /* LyricsSearchWnd.xib in Resources */ = {isa = PBXBuildFile; fileRef = 02135B531586F99F001480AD /* LyricsSearchWnd.xib */; };
		02147716159EC55800B92431 /* Sparkle.framework in Frameworks */ = {isa = PBXBuildFile; fileRef = 02147715159EC55800B92431 /* Sparkle.framework */; };
		02147718159EC56600B92431 /* dynamiclyrics2_dsa_pub_new.pem in Resources */ = {isa = PBXBuildFile; fileRef = 02147717159EC56600B92431 /* dynamiclyrics2_dsa_pub_new.pem */; };
		0214771B159EC65900B92431 /* Sparkle.framework in CopyFiles */ = {isa = PBXBuildFile; fileRef = 02147715159EC55800B92431 /* Sparkle.framework */; settings = {ATTRIBUTES = (CodeSignOnCopy, ); }; };
		02147734159F547100B92431 /* Localizable.strings in Resources */ = {isa = PBXBuildFile; fileRef = 02147732159F547100B92431 /* Localizable.strings */; };
		02353CD1152BF84700214998 /* Albumfiller.m in Sources */ = {isa = PBXBuildFile; fileRef = 02353CCF152BF84700214998 /* Albumfiller.m */; };
		02353CD5152C0B8600214998 /* AlbumModel.m in Sources */ = {isa = PBXBuildFile; fileRef = 02353CD4152C0B8500214998 /* AlbumModel.m */; };
		0239024C154F8EE200869A2D /* AppPrefsWindowController.m in Sources */ = {isa = PBXBuildFile; fileRef = 0239024B154F8EE200869A2D /* AppPrefsWindowController.m */; };
		0239025D154F9D2D00869A2D /* DBPrefsWindowController.m in Sources */ = {isa = PBXBuildFile; fileRef = 02390258154F9C1800869A2D /* DBPrefsWindowController.m */; };
		0239025F154F9D7A00869A2D /* General.png in Resources */ = {isa = PBXBuildFile; fileRef = 0239025E154F9D7A00869A2D /* General.png */; };
		024B8BDF1584EFB000444B78 /* Quartz.framework in Frameworks */ = {isa = PBXBuildFile; fileRef = 024B8BDD1584EFB000444B78 /* Quartz.framework */; };
		024B8BE01584EFB000444B78 /* QuartzCore.framework in Frameworks */ = {isa = PBXBuildFile; fileRef = 024B8BDE1584EFB000444B78 /* QuartzCore.framework */; };
		0251F443153980A60019F36F /* music-default.gif in Resources */ = {isa = PBXBuildFile; fileRef = 0251F442153980A60019F36F /* music-default.gif */; };
		025B0777152B14F400E250BF /* MenuBarLyrics.m in Sources */ = {isa = PBXBuildFile; fileRef = 025B0776152B14F400E250BF /* MenuBarLyrics.m */; };
		025B0784152B1C8700E250BF /* big5.txt in Resources */ = {isa = PBXBuildFile; fileRef = 025B0782152B1C8700E250BF /* big5.txt */; };
		025B0785152B1C8700E250BF /* gb.txt in Resources */ = {isa = PBXBuildFile; fileRef = 025B0783152B1C8700E250BF /* gb.txt */; };
		025B0789152B1E8600E250BF /* GB_BIG_Converter.m in Sources */ = {isa = PBXBuildFile; fileRef = 025B0788152B1E8600E250BF /* GB_BIG_Converter.m */; };
		02710E8F152A839F006D4BFF /* Cocoa.framework in Frameworks */ = {isa = PBXBuildFile; fileRef = 02710E8E152A839F006D4BFF /* Cocoa.framework */; };
		02710E9B152A839F006D4BFF /* main.m in Sources */ = {isa = PBXBuildFile; fileRef = 02710E9A152A839F006D4BFF /* main.m */; };
		02710EA2152A839F006D4BFF /* LyricXAppDelegate.m in Sources */ = {isa = PBXBuildFile; fileRef = 02710EA1152A839F006D4BFF /* LyricXAppDelegate.m */; };
		02710EA5152A839F006D4BFF /* MainMenu.xib in Resources */ = {isa = PBXBuildFile; fileRef = 02710EA3152A839F006D4BFF /* MainMenu.xib */; };
		02710EC7152A9B28006D4BFF /* MainController.m in Sources */ = {isa = PBXBuildFile; fileRef = 02710EC6152A9B28006D4BFF /* MainController.m */; };
		02710ED6152AA0FF006D4BFF /* ScriptingBridge.framework in Frameworks */ = {isa = PBXBuildFile; fileRef = 02710ED5152AA0FF006D4BFF /* ScriptingBridge.framework */; };
		02710EDC152AA8A6006D4BFF /* RequestSender.m in Sources */ = {isa = PBXBuildFile; fileRef = 02710EDB152AA8A5006D4BFF /* RequestSender.m */; };
		02710EDF152AA8B7006D4BFF /* KeyValue_SearchLyrics.m in Sources */ = {isa = PBXBuildFile; fileRef = 02710EDE152AA8B7006D4BFF /* KeyValue_SearchLyrics.m */; };
		02710EE2152AA9DE006D4BFF /* BingTranslator.m in Sources */ = {isa = PBXBuildFile; fileRef = 02710EE1152AA9DE006D4BFF /* BingTranslator.m */; };
		02710EE5152AAB7F006D4BFF /* RegexKitLite.m in Sources */ = {isa = PBXBuildFile; fileRef = 02710EE4152AAB7E006D4BFF /* RegexKitLite.m */; };
		027C9E88152B23DA00A75EB2 /* LyricsView.m in Sources */ = {isa = PBXBuildFile; fileRef = 027C9E87152B23DA00A75EB2 /* LyricsView.m */; };
		027C9E8F152B243D00A75EB2 /* LyricsFloatWindow.m in Sources */ = {isa = PBXBuildFile; fileRef = 027C9E8E152B243D00A75EB2 /* LyricsFloatWindow.m */; };
		028861B0152BD60D00DA6B91 /* LyricsSearchWnd.m in Sources */ = {isa = PBXBuildFile; fileRef = 028861AE152BD60D00DA6B91 /* LyricsSearchWnd.m */; };
		028E17A8153051C6006CE85B /* VerticalButtonWindow.m in Sources */ = {isa = PBXBuildFile; fileRef = 028E17A7153051C6006CE85B /* VerticalButtonWindow.m */; };
		028E17AC15305F02006CE85B /* DouBanAPI.m in Sources */ = {isa = PBXBuildFile; fileRef = 028E17AB15305F02006CE85B /* DouBanAPI.m */; };
		02A561021586F74200E37C6C /* Preferences.xib in Resources */ = {isa = PBXBuildFile; fileRef = 02A561041586F74200E37C6C /* Preferences.xib */; };
		02A561061586F74F00E37C6C /* Albumfiller.xib in Resources */ = {isa = PBXBuildFile; fileRef = 02A561081586F74F00E37C6C /* Albumfiller.xib */; };
		02ACCFB31566932D004CC95A /* Donate.png in Resources */ = {isa = PBXBuildFile; fileRef = 02ACCFB21566932D004CC95A /* Donate.png */; };
		02BA4D8F1591A93400BB03CD /* ico512.icns in Resources */ = {isa = PBXBuildFile; fileRef = 02BA4D8E1591A93400BB03CD /* ico512.icns */; };
		02BB8A38159CA9E8001334D7 /* Lyrics.png in Resources */ = {isa = PBXBuildFile; fileRef = 02BB8A37159CA9E8001334D7 /* Lyrics.png */; };
		02BB8A3B159CAA9B001334D7 /* Notification.png in Resources */ = {isa = PBXBuildFile; fileRef = 02BB8A3A159CAA9B001334D7 /* Notification.png */; };
		4DC051581EEEC28B00937708 /* DynamicLyricsHelper.app in CopyFiles */ = {isa = PBXBuildFile; fileRef = EF68C6D7169BF788006B9128 /* DynamicLyricsHelper.app */; settings = {ATTRIBUTES = (RemoveHeadersOnCopy, ); }; };
		B145C9DC1E88AE9B00CD7962 /* KugouLyrics.m in Sources */ = {isa = PBXBuildFile; fileRef = B145C9DB1E88AE9B00CD7962 /* KugouLyrics.m */; };
		CA49F83E188535AD006B6E81 /* DynamicLyrics.icns in Resources */ = {isa = PBXBuildFile; fileRef = CA49F83D188535AD006B6E81 /* DynamicLyrics.icns */; };
		CA49F842188535D2006B6E81 /* StatusIcon@2x.png in Resources */ = {isa = PBXBuildFile; fileRef = CA49F841188535D2006B6E81 /* StatusIcon@2x.png */; };
		CA49F844188536DA006B6E81 /* StatusIcon.png in Resources */ = {isa = PBXBuildFile; fileRef = CA49F843188536DA006B6E81 /* StatusIcon.png */; };
		CA508EE8188545050050F1BE /* Carbon.framework in Frameworks */ = {isa = PBXBuildFile; fileRef = CA508EE7188545050050F1BE /* Carbon.framework */; };
		CA508EF2188558D30050F1BE /* ShortcutRecorder.framework in Frameworks */ = {isa = PBXBuildFile; fileRef = CA508EF1188558D30050F1BE /* ShortcutRecorder.framework */; };
		CA508EF3188558D70050F1BE /* ShortcutRecorder.framework in CopyFiles */ = {isa = PBXBuildFile; fileRef = CA508EF1188558D30050F1BE /* ShortcutRecorder.framework */; settings = {ATTRIBUTES = (CodeSignOnCopy, ); }; };
		CA5124CE18840FAD0085C1C8 /* Credits.rtf in Resources */ = {isa = PBXBuildFile; fileRef = CA5124CD18840FAD0085C1C8 /* Credits.rtf */; };
		CAB4BD9B19F1706900A42734 /* zh2HK.txt in Resources */ = {isa = PBXBuildFile; fileRef = CAB4BD9819F1706900A42734 /* zh2HK.txt */; };
		CAB4BD9C19F1706900A42734 /* zh2SG.txt in Resources */ = {isa = PBXBuildFile; fileRef = CAB4BD9919F1706900A42734 /* zh2SG.txt */; };
		CAB4BD9D19F1706900A42734 /* zh2TW.txt in Resources */ = {isa = PBXBuildFile; fileRef = CAB4BD9A19F1706900A42734 /* zh2TW.txt */; };
		CAB4BDA319F170FD00A42734 /* NCChineseConverter.m in Sources */ = {isa = PBXBuildFile; fileRef = CAB4BDA019F170FD00A42734 /* NCChineseConverter.m */; };
		CAB4BDA419F170FD00A42734 /* NSString+NCAddition.m in Sources */ = {isa = PBXBuildFile; fileRef = CAB4BDA219F170FD00A42734 /* NSString+NCAddition.m */; };
		CF8DE6F218A8DCBA00611593 /* TextField.m in Sources */ = {isa = PBXBuildFile; fileRef = CF8DE6F118A8DCBA00611593 /* TextField.m */; };
		CFDEFD0B18AB5C1B00FA2A11 /* EditLyricsWindowController.m in Sources */ = {isa = PBXBuildFile; fileRef = CFDEFD0918AB5C1B00FA2A11 /* EditLyricsWindowController.m */; };
		CFDEFD1218AB651F00FA2A11 /* TextView.m in Sources */ = {isa = PBXBuildFile; fileRef = CFDEFD1118AB651F00FA2A11 /* TextView.m */; };
		CFDEFD1718AB75A100FA2A11 /* EditLyricsWindow.xib in Resources */ = {isa = PBXBuildFile; fileRef = CFDEFD1518AB75A100FA2A11 /* EditLyricsWindow.xib */; };
/* End PBXBuildFile section */

/* Begin PBXContainerItemProxy section */
		EF68C6D6169BF788006B9128 /* PBXContainerItemProxy */ = {
			isa = PBXContainerItemProxy;
			containerPortal = EF68C6CE169BF788006B9128 /* DynamicLyricsHelper.xcodeproj */;
			proxyType = 2;
			remoteGlobalIDString = 02947A311567622400DA746B;
			remoteInfo = DynamicLyricsHelper;
		};
/* End PBXContainerItemProxy section */

/* Begin PBXCopyFilesBuildPhase section */
		02147719159EC64400B92431 /* CopyFiles */ = {
			isa = PBXCopyFilesBuildPhase;
			buildActionMask = 2147483647;
			dstPath = "";
			dstSubfolderSpec = 10;
			files = (
				0214771B159EC65900B92431 /* Sparkle.framework in CopyFiles */,
				CA508EF3188558D70050F1BE /* ShortcutRecorder.framework in CopyFiles */,
			);
			runOnlyForDeploymentPostprocessing = 0;
		};
		02912A2615710A5600843F1A /* CopyFiles */ = {
			isa = PBXCopyFilesBuildPhase;
			buildActionMask = 8;
			dstPath = Contents/Library/LoginItems;
			dstSubfolderSpec = 1;
			files = (
				4DC051581EEEC28B00937708 /* DynamicLyricsHelper.app in CopyFiles */,
			);
			runOnlyForDeploymentPostprocessing = 1;
		};
/* End PBXCopyFilesBuildPhase section */

/* Begin PBXFileReference section */
		020038E6158F89C700F478DE /* ServiceManagement.framework */ = {isa = PBXFileReference; lastKnownFileType = wrapper.framework; name = ServiceManagement.framework; path = System/Library/Frameworks/ServiceManagement.framework; sourceTree = SDKROOT; };
		02135B521586F99F001480AD /* en */ = {isa = PBXFileReference; lastKnownFileType = file.xib; name = en; path = en.lproj/LyricsSearchWnd.xib; sourceTree = "<group>"; };
		02135B541586F9A4001480AD /* zh-Hans */ = {isa = PBXFileReference; lastKnownFileType = file.xib; name = "zh-Hans"; path = "zh-Hans.lproj/LyricsSearchWnd.xib"; sourceTree = "<group>"; };
		02147715159EC55800B92431 /* Sparkle.framework */ = {isa = PBXFileReference; lastKnownFileType = wrapper.framework; path = Sparkle.framework; sourceTree = "<group>"; };
		02147717159EC56600B92431 /* dynamiclyrics2_dsa_pub_new.pem */ = {isa = PBXFileReference; fileEncoding = 4; lastKnownFileType = text; path = dynamiclyrics2_dsa_pub_new.pem; sourceTree = "<group>"; };
		02147735159F564500B92431 /* en */ = {isa = PBXFileReference; lastKnownFileType = text.plist.strings; name = en; path = en.lproj/Localizable.strings; sourceTree = "<group>"; };
		02147745159FF2AA00B92431 /* zh-Hans */ = {isa = PBXFileReference; lastKnownFileType = text.plist.strings; name = "zh-Hans"; path = "zh-Hans.lproj/Localizable.strings"; sourceTree = "<group>"; };
		02147749159FF44800B92431 /* zh-Hans */ = {isa = PBXFileReference; lastKnownFileType = file.xib; name = "zh-Hans"; path = "zh-Hans.lproj/MainMenu.xib"; sourceTree = "<group>"; };
		0214774C159FF4F500B92431 /* zh-Hans */ = {isa = PBXFileReference; lastKnownFileType = file.xib; name = "zh-Hans"; path = "zh-Hans.lproj/Preferences.xib"; sourceTree = "<group>"; };
		021B9E91158E209900039011 /* DynamicLyrics.entitlements */ = {isa = PBXFileReference; lastKnownFileType = text.xml; path = DynamicLyrics.entitlements; sourceTree = "<group>"; };
		02353CCE152BF84700214998 /* Albumfiller.h */ = {isa = PBXFileReference; fileEncoding = 4; lastKnownFileType = sourcecode.c.h; path = Albumfiller.h; sourceTree = "<group>"; };
		02353CCF152BF84700214998 /* Albumfiller.m */ = {isa = PBXFileReference; fileEncoding = 4; lastKnownFileType = sourcecode.c.objc; path = Albumfiller.m; sourceTree = "<group>"; };
		02353CD3152C0B8500214998 /* AlbumModel.h */ = {isa = PBXFileReference; fileEncoding = 4; lastKnownFileType = sourcecode.c.h; path = AlbumModel.h; sourceTree = "<group>"; };
		02353CD4152C0B8500214998 /* AlbumModel.m */ = {isa = PBXFileReference; fileEncoding = 4; lastKnownFileType = sourcecode.c.objc; path = AlbumModel.m; sourceTree = "<group>"; };
		0239024A154F8EE200869A2D /* AppPrefsWindowController.h */ = {isa = PBXFileReference; fileEncoding = 4; lastKnownFileType = sourcecode.c.h; path = AppPrefsWindowController.h; sourceTree = "<group>"; };
		0239024B154F8EE200869A2D /* AppPrefsWindowController.m */ = {isa = PBXFileReference; fileEncoding = 4; lastKnownFileType = sourcecode.c.objc; path = AppPrefsWindowController.m; sourceTree = "<group>"; };
		02390257154F9C1800869A2D /* DBPrefsWindowController.h */ = {isa = PBXFileReference; lastKnownFileType = sourcecode.c.h; path = DBPrefsWindowController.h; sourceTree = "<group>"; };
		02390258154F9C1800869A2D /* DBPrefsWindowController.m */ = {isa = PBXFileReference; lastKnownFileType = sourcecode.c.objc; path = DBPrefsWindowController.m; sourceTree = "<group>"; };
		0239025E154F9D7A00869A2D /* General.png */ = {isa = PBXFileReference; lastKnownFileType = image.png; path = General.png; sourceTree = "<group>"; };
		02390275154FA26E00869A2D /* Constants.h */ = {isa = PBXFileReference; lastKnownFileType = sourcecode.c.h; path = Constants.h; sourceTree = "<group>"; };
		024B8BDD1584EFB000444B78 /* Quartz.framework */ = {isa = PBXFileReference; lastKnownFileType = wrapper.framework; name = Quartz.framework; path = System/Library/Frameworks/Quartz.framework; sourceTree = SDKROOT; };
		024B8BDE1584EFB000444B78 /* QuartzCore.framework */ = {isa = PBXFileReference; lastKnownFileType = wrapper.framework; name = QuartzCore.framework; path = System/Library/Frameworks/QuartzCore.framework; sourceTree = SDKROOT; };
		0251F442153980A60019F36F /* music-default.gif */ = {isa = PBXFileReference; lastKnownFileType = image.gif; path = "music-default.gif"; sourceTree = "<group>"; };
		025B0775152B14F400E250BF /* MenuBarLyrics.h */ = {isa = PBXFileReference; fileEncoding = 4; lastKnownFileType = sourcecode.c.h; path = MenuBarLyrics.h; sourceTree = "<group>"; };
		025B0776152B14F400E250BF /* MenuBarLyrics.m */ = {isa = PBXFileReference; fileEncoding = 4; lastKnownFileType = sourcecode.c.objc; path = MenuBarLyrics.m; sourceTree = "<group>"; };
		025B0782152B1C8700E250BF /* big5.txt */ = {isa = PBXFileReference; fileEncoding = 4; lastKnownFileType = text; path = big5.txt; sourceTree = "<group>"; };
		025B0783152B1C8700E250BF /* gb.txt */ = {isa = PBXFileReference; fileEncoding = 4; lastKnownFileType = text; path = gb.txt; sourceTree = "<group>"; };
		025B0787152B1E8600E250BF /* GB_BIG_Converter.h */ = {isa = PBXFileReference; fileEncoding = 4; lastKnownFileType = sourcecode.c.h; path = GB_BIG_Converter.h; sourceTree = "<group>"; };
		025B0788152B1E8600E250BF /* GB_BIG_Converter.m */ = {isa = PBXFileReference; fileEncoding = 4; lastKnownFileType = sourcecode.c.objc; path = GB_BIG_Converter.m; sourceTree = "<group>"; };
		02710E8A152A839F006D4BFF /* DynamicLyrics.app */ = {isa = PBXFileReference; explicitFileType = wrapper.application; includeInIndex = 0; path = DynamicLyrics.app; sourceTree = BUILT_PRODUCTS_DIR; };
		02710E8E152A839F006D4BFF /* Cocoa.framework */ = {isa = PBXFileReference; lastKnownFileType = wrapper.framework; name = Cocoa.framework; path = System/Library/Frameworks/Cocoa.framework; sourceTree = SDKROOT; };
		02710E91152A839F006D4BFF /* AppKit.framework */ = {isa = PBXFileReference; lastKnownFileType = wrapper.framework; name = AppKit.framework; path = System/Library/Frameworks/AppKit.framework; sourceTree = SDKROOT; };
		02710E92152A839F006D4BFF /* CoreData.framework */ = {isa = PBXFileReference; lastKnownFileType = wrapper.framework; name = CoreData.framework; path = System/Library/Frameworks/CoreData.framework; sourceTree = SDKROOT; };
		02710E93152A839F006D4BFF /* Foundation.framework */ = {isa = PBXFileReference; lastKnownFileType = wrapper.framework; name = Foundation.framework; path = System/Library/Frameworks/Foundation.framework; sourceTree = SDKROOT; };
		02710E96152A839F006D4BFF /* LyricX-Info.plist */ = {isa = PBXFileReference; lastKnownFileType = text.plist.xml; path = "LyricX-Info.plist"; sourceTree = "<group>"; };
		02710E9A152A839F006D4BFF /* main.m */ = {isa = PBXFileReference; lastKnownFileType = sourcecode.c.objc; path = main.m; sourceTree = "<group>"; };
		02710E9C152A839F006D4BFF /* LyricX-Prefix.pch */ = {isa = PBXFileReference; lastKnownFileType = sourcecode.c.h; path = "LyricX-Prefix.pch"; sourceTree = "<group>"; };
		02710EA0152A839F006D4BFF /* LyricXAppDelegate.h */ = {isa = PBXFileReference; lastKnownFileType = sourcecode.c.h; path = LyricXAppDelegate.h; sourceTree = "<group>"; };
		02710EA1152A839F006D4BFF /* LyricXAppDelegate.m */ = {isa = PBXFileReference; lastKnownFileType = sourcecode.c.objc; path = LyricXAppDelegate.m; sourceTree = "<group>"; };
		02710EA4152A839F006D4BFF /* en */ = {isa = PBXFileReference; lastKnownFileType = file.xib; name = en; path = en.lproj/MainMenu.xib; sourceTree = "<group>"; };
		02710EC5152A9B28006D4BFF /* MainController.h */ = {isa = PBXFileReference; fileEncoding = 4; lastKnownFileType = sourcecode.c.h; path = MainController.h; sourceTree = "<group>"; };
		02710EC6152A9B28006D4BFF /* MainController.m */ = {isa = PBXFileReference; fileEncoding = 4; lastKnownFileType = sourcecode.c.objc; path = MainController.m; sourceTree = "<group>"; };
		02710ED0152A9B8A006D4BFF /* iTunes.h */ = {isa = PBXFileReference; fileEncoding = 4; lastKnownFileType = sourcecode.c.h; path = iTunes.h; sourceTree = "<group>"; };
		02710ED5152AA0FF006D4BFF /* ScriptingBridge.framework */ = {isa = PBXFileReference; lastKnownFileType = wrapper.framework; name = ScriptingBridge.framework; path = System/Library/Frameworks/ScriptingBridge.framework; sourceTree = SDKROOT; };
		02710EDA152AA8A5006D4BFF /* RequestSender.h */ = {isa = PBXFileReference; fileEncoding = 4; lastKnownFileType = sourcecode.c.h; path = RequestSender.h; sourceTree = "<group>"; };
		02710EDB152AA8A5006D4BFF /* RequestSender.m */ = {isa = PBXFileReference; fileEncoding = 4; lastKnownFileType = sourcecode.c.objc; path = RequestSender.m; sourceTree = "<group>"; };
		02710EDD152AA8B7006D4BFF /* KeyValue_SearchLyrics.h */ = {isa = PBXFileReference; fileEncoding = 4; lastKnownFileType = sourcecode.c.h; path = KeyValue_SearchLyrics.h; sourceTree = "<group>"; };
		02710EDE152AA8B7006D4BFF /* KeyValue_SearchLyrics.m */ = {isa = PBXFileReference; fileEncoding = 4; lastKnownFileType = sourcecode.c.objc; path = KeyValue_SearchLyrics.m; sourceTree = "<group>"; };
		02710EE0152AA9DE006D4BFF /* BingTranslator.h */ = {isa = PBXFileReference; fileEncoding = 4; lastKnownFileType = sourcecode.c.h; path = BingTranslator.h; sourceTree = "<group>"; };
		02710EE1152AA9DE006D4BFF /* BingTranslator.m */ = {isa = PBXFileReference; fileEncoding = 4; lastKnownFileType = sourcecode.c.objc; path = BingTranslator.m; sourceTree = "<group>"; };
		02710EE3152AAB7E006D4BFF /* RegexKitLite.h */ = {isa = PBXFileReference; fileEncoding = 4; lastKnownFileType = sourcecode.c.h; path = RegexKitLite.h; sourceTree = "<group>"; };
		02710EE4152AAB7E006D4BFF /* RegexKitLite.m */ = {isa = PBXFileReference; fileEncoding = 4; lastKnownFileType = sourcecode.c.objc; path = RegexKitLite.m; sourceTree = "<group>"; };
		027C9E86152B23DA00A75EB2 /* LyricsView.h */ = {isa = PBXFileReference; fileEncoding = 4; lastKnownFileType = sourcecode.c.h; path = LyricsView.h; sourceTree = "<group>"; };
		027C9E87152B23DA00A75EB2 /* LyricsView.m */ = {isa = PBXFileReference; fileEncoding = 4; lastKnownFileType = sourcecode.c.objc; path = LyricsView.m; sourceTree = "<group>"; };
		027C9E8D152B243D00A75EB2 /* LyricsFloatWindow.h */ = {isa = PBXFileReference; fileEncoding = 4; lastKnownFileType = sourcecode.c.h; path = LyricsFloatWindow.h; sourceTree = "<group>"; };
		027C9E8E152B243D00A75EB2 /* LyricsFloatWindow.m */ = {isa = PBXFileReference; fileEncoding = 4; lastKnownFileType = sourcecode.c.objc; path = LyricsFloatWindow.m; sourceTree = "<group>"; };
		028861AD152BD60D00DA6B91 /* LyricsSearchWnd.h */ = {isa = PBXFileReference; fileEncoding = 4; lastKnownFileType = sourcecode.c.h; path = LyricsSearchWnd.h; sourceTree = "<group>"; };
		028861AE152BD60D00DA6B91 /* LyricsSearchWnd.m */ = {isa = PBXFileReference; fileEncoding = 4; lastKnownFileType = sourcecode.c.objc; path = LyricsSearchWnd.m; sourceTree = "<group>"; };
		028E17A6153051C6006CE85B /* VerticalButtonWindow.h */ = {isa = PBXFileReference; fileEncoding = 4; lastKnownFileType = sourcecode.c.h; path = VerticalButtonWindow.h; sourceTree = "<group>"; };
		028E17A7153051C6006CE85B /* VerticalButtonWindow.m */ = {isa = PBXFileReference; fileEncoding = 4; lastKnownFileType = sourcecode.c.objc; path = VerticalButtonWindow.m; sourceTree = "<group>"; };
		028E17AA15305F02006CE85B /* DouBanAPI.h */ = {isa = PBXFileReference; fileEncoding = 4; lastKnownFileType = sourcecode.c.h; path = DouBanAPI.h; sourceTree = "<group>"; };
		028E17AB15305F02006CE85B /* DouBanAPI.m */ = {isa = PBXFileReference; fileEncoding = 4; lastKnownFileType = sourcecode.c.objc; path = DouBanAPI.m; sourceTree = "<group>"; };
		02A561031586F74200E37C6C /* en */ = {isa = PBXFileReference; lastKnownFileType = file.xib; name = en; path = en.lproj/Preferences.xib; sourceTree = "<group>"; };
		02A561071586F74F00E37C6C /* en */ = {isa = PBXFileReference; lastKnownFileType = file.xib; name = en; path = en.lproj/Albumfiller.xib; sourceTree = "<group>"; };
		02ACCFB21566932D004CC95A /* Donate.png */ = {isa = PBXFileReference; lastKnownFileType = image.png; path = Donate.png; sourceTree = "<group>"; };
		02B9438C159B6E3E006E434E /* CGSPrivate.h */ = {isa = PBXFileReference; lastKnownFileType = sourcecode.c.h; path = CGSPrivate.h; sourceTree = "<group>"; };
		02BA4D8E1591A93400BB03CD /* ico512.icns */ = {isa = PBXFileReference; lastKnownFileType = image.icns; path = ico512.icns; sourceTree = "<group>"; };
		02BB8A37159CA9E8001334D7 /* Lyrics.png */ = {isa = PBXFileReference; lastKnownFileType = image.png; path = Lyrics.png; sourceTree = "<group>"; };
		02BB8A3A159CAA9B001334D7 /* Notification.png */ = {isa = PBXFileReference; lastKnownFileType = image.png; path = Notification.png; sourceTree = "<group>"; };
		02CEF1BC1586FFF200B800A6 /* zh-Hans */ = {isa = PBXFileReference; lastKnownFileType = file.xib; name = "zh-Hans"; path = "zh-Hans.lproj/Albumfiller.xib"; sourceTree = "<group>"; };
		B145C9DA1E88AE9B00CD7962 /* KugouLyrics.h */ = {isa = PBXFileReference; fileEncoding = 4; lastKnownFileType = sourcecode.c.h; path = KugouLyrics.h; sourceTree = "<group>"; };
		B145C9DB1E88AE9B00CD7962 /* KugouLyrics.m */ = {isa = PBXFileReference; fileEncoding = 4; lastKnownFileType = sourcecode.c.objc; path = KugouLyrics.m; sourceTree = "<group>"; };
		CA49F83D188535AD006B6E81 /* DynamicLyrics.icns */ = {isa = PBXFileReference; lastKnownFileType = image.icns; path = DynamicLyrics.icns; sourceTree = "<group>"; };
		CA49F841188535D2006B6E81 /* StatusIcon@2x.png */ = {isa = PBXFileReference; lastKnownFileType = image.png; path = "StatusIcon@2x.png"; sourceTree = "<group>"; };
		CA49F843188536DA006B6E81 /* StatusIcon.png */ = {isa = PBXFileReference; lastKnownFileType = image.png; path = StatusIcon.png; sourceTree = "<group>"; };
		CA508EE7188545050050F1BE /* Carbon.framework */ = {isa = PBXFileReference; lastKnownFileType = wrapper.framework; name = Carbon.framework; path = System/Library/Frameworks/Carbon.framework; sourceTree = SDKROOT; };
		CA508EF1188558D30050F1BE /* ShortcutRecorder.framework */ = {isa = PBXFileReference; lastKnownFileType = wrapper.framework; path = ShortcutRecorder.framework; sourceTree = "<group>"; };
		CA5124CD18840FAD0085C1C8 /* Credits.rtf */ = {isa = PBXFileReference; fileEncoding = 4; lastKnownFileType = text.rtf; path = Credits.rtf; sourceTree = "<group>"; };
		CAB4BD9819F1706900A42734 /* zh2HK.txt */ = {isa = PBXFileReference; fileEncoding = 4; lastKnownFileType = text; path = zh2HK.txt; sourceTree = "<group>"; };
		CAB4BD9919F1706900A42734 /* zh2SG.txt */ = {isa = PBXFileReference; fileEncoding = 4; lastKnownFileType = text; path = zh2SG.txt; sourceTree = "<group>"; };
		CAB4BD9A19F1706900A42734 /* zh2TW.txt */ = {isa = PBXFileReference; fileEncoding = 4; lastKnownFileType = text; path = zh2TW.txt; sourceTree = "<group>"; };
		CAB4BD9F19F170FD00A42734 /* NCChineseConverter.h */ = {isa = PBXFileReference; fileEncoding = 4; lastKnownFileType = sourcecode.c.h; path = NCChineseConverter.h; sourceTree = "<group>"; };
		CAB4BDA019F170FD00A42734 /* NCChineseConverter.m */ = {isa = PBXFileReference; fileEncoding = 4; lastKnownFileType = sourcecode.c.objc; path = NCChineseConverter.m; sourceTree = "<group>"; };
		CAB4BDA119F170FD00A42734 /* NSString+NCAddition.h */ = {isa = PBXFileReference; fileEncoding = 4; lastKnownFileType = sourcecode.c.h; path = "NSString+NCAddition.h"; sourceTree = "<group>"; };
		CAB4BDA219F170FD00A42734 /* NSString+NCAddition.m */ = {isa = PBXFileReference; fileEncoding = 4; lastKnownFileType = sourcecode.c.objc; path = "NSString+NCAddition.m"; sourceTree = "<group>"; };
		CF7BD31F18AB77A200CE5EBD /* zh-Hans */ = {isa = PBXFileReference; lastKnownFileType = file.xib; name = "zh-Hans"; path = "zh-Hans.lproj/EditLyricsWindow.xib"; sourceTree = "<group>"; };
		CF8DE6F018A8DCBA00611593 /* TextField.h */ = {isa = PBXFileReference; fileEncoding = 4; lastKnownFileType = sourcecode.c.h; path = TextField.h; sourceTree = "<group>"; };
		CF8DE6F118A8DCBA00611593 /* TextField.m */ = {isa = PBXFileReference; fileEncoding = 4; lastKnownFileType = sourcecode.c.objc; path = TextField.m; sourceTree = "<group>"; };
		CFDEFD0818AB5C1B00FA2A11 /* EditLyricsWindowController.h */ = {isa = PBXFileReference; fileEncoding = 4; lastKnownFileType = sourcecode.c.h; path = EditLyricsWindowController.h; sourceTree = "<group>"; };
		CFDEFD0918AB5C1B00FA2A11 /* EditLyricsWindowController.m */ = {isa = PBXFileReference; fileEncoding = 4; lastKnownFileType = sourcecode.c.objc; path = EditLyricsWindowController.m; sourceTree = "<group>"; };
		CFDEFD1018AB651F00FA2A11 /* TextView.h */ = {isa = PBXFileReference; fileEncoding = 4; lastKnownFileType = sourcecode.c.h; path = TextView.h; sourceTree = "<group>"; };
		CFDEFD1118AB651F00FA2A11 /* TextView.m */ = {isa = PBXFileReference; fileEncoding = 4; lastKnownFileType = sourcecode.c.objc; path = TextView.m; sourceTree = "<group>"; };
		CFDEFD1618AB75A100FA2A11 /* en */ = {isa = PBXFileReference; lastKnownFileType = file.xib; name = en; path = en.lproj/EditLyricsWindow.xib; sourceTree = "<group>"; };
		EF68C6CE169BF788006B9128 /* DynamicLyricsHelper.xcodeproj */ = {isa = PBXFileReference; lastKnownFileType = "wrapper.pb-project"; name = DynamicLyricsHelper.xcodeproj; path = ../DynamicLyricsHelper/DynamicLyricsHelper.xcodeproj; sourceTree = "<group>"; };
/* End PBXFileReference section */

/* Begin PBXFrameworksBuildPhase section */
		02710E87152A839F006D4BFF /* Frameworks */ = {
			isa = PBXFrameworksBuildPhase;
			buildActionMask = 2147483647;
			files = (
				CA508EF2188558D30050F1BE /* ShortcutRecorder.framework in Frameworks */,
				CA508EE8188545050050F1BE /* Carbon.framework in Frameworks */,
				020038E7158F89C700F478DE /* ServiceManagement.framework in Frameworks */,
				024B8BDF1584EFB000444B78 /* Quartz.framework in Frameworks */,
				024B8BE01584EFB000444B78 /* QuartzCore.framework in Frameworks */,
				02710ED6152AA0FF006D4BFF /* ScriptingBridge.framework in Frameworks */,
				02710E8F152A839F006D4BFF /* Cocoa.framework in Frameworks */,
				02147716159EC55800B92431 /* Sparkle.framework in Frameworks */,
			);
			runOnlyForDeploymentPostprocessing = 0;
		};
/* End PBXFrameworksBuildPhase section */

/* Begin PBXGroup section */
		02353CC0152BF06A00214998 /* Autofiller */ = {
			isa = PBXGroup;
			children = (
				02353CCE152BF84700214998 /* Albumfiller.h */,
				02353CCF152BF84700214998 /* Albumfiller.m */,
				02A561081586F74F00E37C6C /* Albumfiller.xib */,
				02353CD3152C0B8500214998 /* AlbumModel.h */,
				02353CD4152C0B8500214998 /* AlbumModel.m */,
				028E17A6153051C6006CE85B /* VerticalButtonWindow.h */,
				028E17A7153051C6006CE85B /* VerticalButtonWindow.m */,
				028E17AA15305F02006CE85B /* DouBanAPI.h */,
				028E17AB15305F02006CE85B /* DouBanAPI.m */,
			);
			name = Autofiller;
			sourceTree = "<group>";
		};
		02390241154F8BD100869A2D /* PrefsWindow */ = {
			isa = PBXGroup;
			children = (
				02390257154F9C1800869A2D /* DBPrefsWindowController.h */,
				02390258154F9C1800869A2D /* DBPrefsWindowController.m */,
				02A561041586F74200E37C6C /* Preferences.xib */,
				0239024A154F8EE200869A2D /* AppPrefsWindowController.h */,
				0239024B154F8EE200869A2D /* AppPrefsWindowController.m */,
			);
			name = PrefsWindow;
			sourceTree = "<group>";
		};
		025B0779152B1AFF00E250BF /* MenuBarLyrics */ = {
			isa = PBXGroup;
			children = (
				025B0775152B14F400E250BF /* MenuBarLyrics.h */,
				025B0776152B14F400E250BF /* MenuBarLyrics.m */,
			);
			name = MenuBarLyrics;
			sourceTree = "<group>";
		};
		025B077A152B1B0800E250BF /* DesktopLyrics */ = {
			isa = PBXGroup;
			children = (
				02B9438C159B6E3E006E434E /* CGSPrivate.h */,
				027C9E86152B23DA00A75EB2 /* LyricsView.h */,
				027C9E87152B23DA00A75EB2 /* LyricsView.m */,
				027C9E8D152B243D00A75EB2 /* LyricsFloatWindow.h */,
				027C9E8E152B243D00A75EB2 /* LyricsFloatWindow.m */,
			);
			name = DesktopLyrics;
			sourceTree = "<group>";
		};
		025B0781152B1C7300E250BF /* Resource */ = {
			isa = PBXGroup;
			children = (
				CAB4BD9819F1706900A42734 /* zh2HK.txt */,
				CAB4BD9919F1706900A42734 /* zh2SG.txt */,
				CAB4BD9A19F1706900A42734 /* zh2TW.txt */,
				CA49F843188536DA006B6E81 /* StatusIcon.png */,
				CA49F841188535D2006B6E81 /* StatusIcon@2x.png */,
				02147717159EC56600B92431 /* dynamiclyrics2_dsa_pub_new.pem */,
				02ACCFB21566932D004CC95A /* Donate.png */,
				02BB8A37159CA9E8001334D7 /* Lyrics.png */,
				02BB8A3A159CAA9B001334D7 /* Notification.png */,
				0239025E154F9D7A00869A2D /* General.png */,
				0251F442153980A60019F36F /* music-default.gif */,
				025B0782152B1C8700E250BF /* big5.txt */,
				025B0783152B1C8700E250BF /* gb.txt */,
			);
			name = Resource;
			sourceTree = "<group>";
		};
		02710E7F152A839F006D4BFF = {
			isa = PBXGroup;
			children = (
				CA49F83D188535AD006B6E81 /* DynamicLyrics.icns */,
				021B9E91158E209900039011 /* DynamicLyrics.entitlements */,
				02BA4D8E1591A93400BB03CD /* ico512.icns */,
				02710E94152A839F006D4BFF /* LyricX */,
				02710E8D152A839F006D4BFF /* Frameworks */,
				02710E8B152A839F006D4BFF /* Products */,
				EF68C6CE169BF788006B9128 /* DynamicLyricsHelper.xcodeproj */,
			);
			sourceTree = "<group>";
		};
		02710E8B152A839F006D4BFF /* Products */ = {
			isa = PBXGroup;
			children = (
				02710E8A152A839F006D4BFF /* DynamicLyrics.app */,
			);
			name = Products;
			sourceTree = "<group>";
		};
		02710E8D152A839F006D4BFF /* Frameworks */ = {
			isa = PBXGroup;
			children = (
				CA508EF1188558D30050F1BE /* ShortcutRecorder.framework */,
				CA508EE7188545050050F1BE /* Carbon.framework */,
				02147715159EC55800B92431 /* Sparkle.framework */,
				020038E6158F89C700F478DE /* ServiceManagement.framework */,
				024B8BDD1584EFB000444B78 /* Quartz.framework */,
				024B8BDE1584EFB000444B78 /* QuartzCore.framework */,
				02710ED5152AA0FF006D4BFF /* ScriptingBridge.framework */,
				02710E8E152A839F006D4BFF /* Cocoa.framework */,
				02710E90152A839F006D4BFF /* Other Frameworks */,
			);
			name = Frameworks;
			sourceTree = "<group>";
		};
		02710E90152A839F006D4BFF /* Other Frameworks */ = {
			isa = PBXGroup;
			children = (
				02710E91152A839F006D4BFF /* AppKit.framework */,
				02710E92152A839F006D4BFF /* CoreData.framework */,
				02710E93152A839F006D4BFF /* Foundation.framework */,
			);
			name = "Other Frameworks";
			sourceTree = "<group>";
		};
		02710E94152A839F006D4BFF /* LyricX */ = {
			isa = PBXGroup;
			children = (
				02710ED0152A9B8A006D4BFF /* iTunes.h */,
				02710EC0152A9A53006D4BFF /* Controller */,
				02710EA0152A839F006D4BFF /* LyricXAppDelegate.h */,
				02710EA1152A839F006D4BFF /* LyricXAppDelegate.m */,
				02710EA3152A839F006D4BFF /* MainMenu.xib */,
				02710EE6152AB543006D4BFF /* View */,
				025B0781152B1C7300E250BF /* Resource */,
				02710E95152A839F006D4BFF /* Supporting Files */,
			);
			path = LyricX;
			sourceTree = "<group>";
		};
		02710E95152A839F006D4BFF /* Supporting Files */ = {
			isa = PBXGroup;
			children = (
				CA5124CD18840FAD0085C1C8 /* Credits.rtf */,
				02390275154FA26E00869A2D /* Constants.h */,
				02147732159F547100B92431 /* Localizable.strings */,
				02710E96152A839F006D4BFF /* LyricX-Info.plist */,
				02710E9A152A839F006D4BFF /* main.m */,
				02710E9C152A839F006D4BFF /* LyricX-Prefix.pch */,
			);
			name = "Supporting Files";
			sourceTree = "<group>";
		};
		02710EC0152A9A53006D4BFF /* Controller */ = {
			isa = PBXGroup;
			children = (
				CAB4BD9F19F170FD00A42734 /* NCChineseConverter.h */,
				CAB4BDA019F170FD00A42734 /* NCChineseConverter.m */,
				CAB4BDA119F170FD00A42734 /* NSString+NCAddition.h */,
				CAB4BDA219F170FD00A42734 /* NSString+NCAddition.m */,
				025B0787152B1E8600E250BF /* GB_BIG_Converter.h */,
				025B0788152B1E8600E250BF /* GB_BIG_Converter.m */,
				02710EE3152AAB7E006D4BFF /* RegexKitLite.h */,
				02710EE4152AAB7E006D4BFF /* RegexKitLite.m */,
				02710EE0152AA9DE006D4BFF /* BingTranslator.h */,
				02710EE1152AA9DE006D4BFF /* BingTranslator.m */,
				02710EDD152AA8B7006D4BFF /* KeyValue_SearchLyrics.h */,
				02710EDE152AA8B7006D4BFF /* KeyValue_SearchLyrics.m */,
				02710EDA152AA8A5006D4BFF /* RequestSender.h */,
				02710EDB152AA8A5006D4BFF /* RequestSender.m */,
				CF8DE6F018A8DCBA00611593 /* TextField.h */,
				CF8DE6F118A8DCBA00611593 /* TextField.m */,
				CFDEFD1018AB651F00FA2A11 /* TextView.h */,
				CFDEFD1118AB651F00FA2A11 /* TextView.m */,
				02710EC5152A9B28006D4BFF /* MainController.h */,
				02710EC6152A9B28006D4BFF /* MainController.m */,
				B145C9DA1E88AE9B00CD7962 /* KugouLyrics.h */,
				B145C9DB1E88AE9B00CD7962 /* KugouLyrics.m */,
			);
			name = Controller;
			sourceTree = "<group>";
		};
		02710EE6152AB543006D4BFF /* View */ = {
			isa = PBXGroup;
			children = (
				02390241154F8BD100869A2D /* PrefsWindow */,
				02353CC0152BF06A00214998 /* Autofiller */,
				0288618C152BCBF500DA6B91 /* UI */,
				025B077A152B1B0800E250BF /* DesktopLyrics */,
				025B0779152B1AFF00E250BF /* MenuBarLyrics */,
			);
			name = View;
			sourceTree = "<group>";
		};
		0288618C152BCBF500DA6B91 /* UI */ = {
			isa = PBXGroup;
			children = (
				028861AD152BD60D00DA6B91 /* LyricsSearchWnd.h */,
				028861AE152BD60D00DA6B91 /* LyricsSearchWnd.m */,
				02135B531586F99F001480AD /* LyricsSearchWnd.xib */,
				CFDEFD0818AB5C1B00FA2A11 /* EditLyricsWindowController.h */,
				CFDEFD0918AB5C1B00FA2A11 /* EditLyricsWindowController.m */,
				CFDEFD1518AB75A100FA2A11 /* EditLyricsWindow.xib */,
			);
			name = UI;
			sourceTree = "<group>";
		};
		EF68C6CF169BF788006B9128 /* Products */ = {
			isa = PBXGroup;
			children = (
				EF68C6D7169BF788006B9128 /* DynamicLyricsHelper.app */,
			);
			name = Products;
			sourceTree = "<group>";
		};
/* End PBXGroup section */

/* Begin PBXNativeTarget section */
		02710E89152A839F006D4BFF /* DynamicLyrics */ = {
			isa = PBXNativeTarget;
			buildConfigurationList = 02710EA8152A839F006D4BFF /* Build configuration list for PBXNativeTarget "DynamicLyrics" */;
			buildPhases = (
				02710E86152A839F006D4BFF /* Sources */,
				02710E87152A839F006D4BFF /* Frameworks */,
				02710E88152A839F006D4BFF /* Resources */,
				02BFDC3415667BE700336A2A /* ShellScript */,
				02912A2615710A5600843F1A /* CopyFiles */,
				02147719159EC64400B92431 /* CopyFiles */,
			);
			buildRules = (
			);
			dependencies = (
			);
			name = DynamicLyrics;
			productName = LyricX;
			productReference = 02710E8A152A839F006D4BFF /* DynamicLyrics.app */;
			productType = "com.apple.product-type.application";
		};
/* End PBXNativeTarget section */

/* Begin PBXProject section */
		02710E81152A839F006D4BFF /* Project object */ = {
			isa = PBXProject;
			attributes = {
				LastUpgradeCheck = 0800;
				ORGANIZATIONNAME = Martian;
				TargetAttributes = {
					02710E89152A839F006D4BFF = {
						DevelopmentTeam = XH264QVU7V;
					};
				};
			};
			buildConfigurationList = 02710E84152A839F006D4BFF /* Build configuration list for PBXProject "LyricX" */;
			compatibilityVersion = "Xcode 3.2";
			developmentRegion = English;
			hasScannedForEncodings = 0;
			knownRegions = (
				en,
				"zh-Hans",
				"zh-Hant",
				"zh-Hans-CN",
			);
			mainGroup = 02710E7F152A839F006D4BFF;
			productRefGroup = 02710E8B152A839F006D4BFF /* Products */;
			projectDirPath = "";
			projectReferences = (
				{
					ProductGroup = EF68C6CF169BF788006B9128 /* Products */;
					ProjectRef = EF68C6CE169BF788006B9128 /* DynamicLyricsHelper.xcodeproj */;
				},
			);
			projectRoot = "";
			targets = (
				02710E89152A839F006D4BFF /* DynamicLyrics */,
			);
		};
/* End PBXProject section */

/* Begin PBXReferenceProxy section */
		EF68C6D7169BF788006B9128 /* DynamicLyricsHelper.app */ = {
			isa = PBXReferenceProxy;
			fileType = wrapper.application;
			path = DynamicLyricsHelper.app;
			remoteRef = EF68C6D6169BF788006B9128 /* PBXContainerItemProxy */;
			sourceTree = BUILT_PRODUCTS_DIR;
		};
/* End PBXReferenceProxy section */

/* Begin PBXResourcesBuildPhase section */
		02710E88152A839F006D4BFF /* Resources */ = {
			isa = PBXResourcesBuildPhase;
			buildActionMask = 2147483647;
			files = (
				02710EA5152A839F006D4BFF /* MainMenu.xib in Resources */,
				CA49F842188535D2006B6E81 /* StatusIcon@2x.png in Resources */,
				CA49F844188536DA006B6E81 /* StatusIcon.png in Resources */,
				025B0784152B1C8700E250BF /* big5.txt in Resources */,
				CAB4BD9C19F1706900A42734 /* zh2SG.txt in Resources */,
				CA49F83E188535AD006B6E81 /* DynamicLyrics.icns in Resources */,
				025B0785152B1C8700E250BF /* gb.txt in Resources */,
				CA5124CE18840FAD0085C1C8 /* Credits.rtf in Resources */,
				CAB4BD9D19F1706900A42734 /* zh2TW.txt in Resources */,
				02135B511586F99F001480AD /* LyricsSearchWnd.xib in Resources */,
				02A561061586F74F00E37C6C /* Albumfiller.xib in Resources */,
				0251F443153980A60019F36F /* music-default.gif in Resources */,
				02A561021586F74200E37C6C /* Preferences.xib in Resources */,
				0239025F154F9D7A00869A2D /* General.png in Resources */,
				CFDEFD1718AB75A100FA2A11 /* EditLyricsWindow.xib in Resources */,
				02ACCFB31566932D004CC95A /* Donate.png in Resources */,
				CAB4BD9B19F1706900A42734 /* zh2HK.txt in Resources */,
				02BA4D8F1591A93400BB03CD /* ico512.icns in Resources */,
				02BB8A38159CA9E8001334D7 /* Lyrics.png in Resources */,
				02BB8A3B159CAA9B001334D7 /* Notification.png in Resources */,
				02147718159EC56600B92431 /* dynamiclyrics2_dsa_pub_new.pem in Resources */,
				02147734159F547100B92431 /* Localizable.strings in Resources */,
			);
			runOnlyForDeploymentPostprocessing = 0;
		};
/* End PBXResourcesBuildPhase section */

/* Begin PBXShellScriptBuildPhase section */
		02BFDC3415667BE700336A2A /* ShellScript */ = {
			isa = PBXShellScriptBuildPhase;
			buildActionMask = 2147483647;
			files = (
			);
			inputPaths = (
			);
			outputPaths = (
			);
			runOnlyForDeploymentPostprocessing = 0;
			shellPath = /bin/sh;
			shellScript = "version=`/usr/libexec/PlistBuddy -c \"Print CFBundleVersion\" $PRODUCT_SETTINGS_PATH`\nversion=`expr $version + 1`\n/usr/libexec/PlistBuddy -c \"Set :CFBundleVersion $version\" $PRODUCT_SETTINGS_PATH\n";
		};
/* End PBXShellScriptBuildPhase section */

/* Begin PBXSourcesBuildPhase section */
		02710E86152A839F006D4BFF /* Sources */ = {
			isa = PBXSourcesBuildPhase;
			buildActionMask = 2147483647;
			files = (
				0239025D154F9D2D00869A2D /* DBPrefsWindowController.m in Sources */,
				02710E9B152A839F006D4BFF /* main.m in Sources */,
				02710EA2152A839F006D4BFF /* LyricXAppDelegate.m in Sources */,
				02710EC7152A9B28006D4BFF /* MainController.m in Sources */,
				CAB4BDA319F170FD00A42734 /* NCChineseConverter.m in Sources */,
				CAB4BDA419F170FD00A42734 /* NSString+NCAddition.m in Sources */,
				02710EDC152AA8A6006D4BFF /* RequestSender.m in Sources */,
				02710EDF152AA8B7006D4BFF /* KeyValue_SearchLyrics.m in Sources */,
				CF8DE6F218A8DCBA00611593 /* TextField.m in Sources */,
				02710EE2152AA9DE006D4BFF /* BingTranslator.m in Sources */,
				02710EE5152AAB7F006D4BFF /* RegexKitLite.m in Sources */,
				B145C9DC1E88AE9B00CD7962 /* KugouLyrics.m in Sources */,
				025B0777152B14F400E250BF /* MenuBarLyrics.m in Sources */,
				025B0789152B1E8600E250BF /* GB_BIG_Converter.m in Sources */,
				027C9E88152B23DA00A75EB2 /* LyricsView.m in Sources */,
				027C9E8F152B243D00A75EB2 /* LyricsFloatWindow.m in Sources */,
				CFDEFD0B18AB5C1B00FA2A11 /* EditLyricsWindowController.m in Sources */,
				CFDEFD1218AB651F00FA2A11 /* TextView.m in Sources */,
				028861B0152BD60D00DA6B91 /* LyricsSearchWnd.m in Sources */,
				02353CD1152BF84700214998 /* Albumfiller.m in Sources */,
				02353CD5152C0B8600214998 /* AlbumModel.m in Sources */,
				028E17A8153051C6006CE85B /* VerticalButtonWindow.m in Sources */,
				028E17AC15305F02006CE85B /* DouBanAPI.m in Sources */,
				0239024C154F8EE200869A2D /* AppPrefsWindowController.m in Sources */,
			);
			runOnlyForDeploymentPostprocessing = 0;
		};
/* End PBXSourcesBuildPhase section */

/* Begin PBXVariantGroup section */
		02135B531586F99F001480AD /* LyricsSearchWnd.xib */ = {
			isa = PBXVariantGroup;
			children = (
				02135B521586F99F001480AD /* en */,
				02135B541586F9A4001480AD /* zh-Hans */,
			);
			name = LyricsSearchWnd.xib;
			sourceTree = "<group>";
		};
		02147732159F547100B92431 /* Localizable.strings */ = {
			isa = PBXVariantGroup;
			children = (
				02147735159F564500B92431 /* en */,
				02147745159FF2AA00B92431 /* zh-Hans */,
			);
			name = Localizable.strings;
			sourceTree = "<group>";
		};
		02710EA3152A839F006D4BFF /* MainMenu.xib */ = {
			isa = PBXVariantGroup;
			children = (
				02710EA4152A839F006D4BFF /* en */,
				02147749159FF44800B92431 /* zh-Hans */,
			);
			name = MainMenu.xib;
			sourceTree = "<group>";
		};
		02A561041586F74200E37C6C /* Preferences.xib */ = {
			isa = PBXVariantGroup;
			children = (
				02A561031586F74200E37C6C /* en */,
				0214774C159FF4F500B92431 /* zh-Hans */,
			);
			name = Preferences.xib;
			sourceTree = "<group>";
		};
		02A561081586F74F00E37C6C /* Albumfiller.xib */ = {
			isa = PBXVariantGroup;
			children = (
				02A561071586F74F00E37C6C /* en */,
				02CEF1BC1586FFF200B800A6 /* zh-Hans */,
			);
			name = Albumfiller.xib;
			sourceTree = "<group>";
		};
		CFDEFD1518AB75A100FA2A11 /* EditLyricsWindow.xib */ = {
			isa = PBXVariantGroup;
			children = (
				CFDEFD1618AB75A100FA2A11 /* en */,
				CF7BD31F18AB77A200CE5EBD /* zh-Hans */,
			);
			name = EditLyricsWindow.xib;
			sourceTree = "<group>";
		};
/* End PBXVariantGroup section */

/* Begin XCBuildConfiguration section */
		02710EA6152A839F006D4BFF /* Debug */ = {
			isa = XCBuildConfiguration;
			buildSettings = {
				ALWAYS_SEARCH_USER_PATHS = NO;
				CLANG_ANALYZER_LOCALIZABILITY_NONLOCALIZED = YES;
				CLANG_WARN_BOOL_CONVERSION = YES;
				CLANG_WARN_CONSTANT_CONVERSION = YES;
				CLANG_WARN_EMPTY_BODY = YES;
				CLANG_WARN_ENUM_CONVERSION = YES;
				CLANG_WARN_INFINITE_RECURSION = YES;
				CLANG_WARN_INT_CONVERSION = YES;
				CLANG_WARN_SUSPICIOUS_MOVE = YES;
				CLANG_WARN_UNREACHABLE_CODE = YES;
				CLANG_WARN__DUPLICATE_METHOD_MATCH = YES;
				CODE_SIGN_IDENTITY = "Developer ID Application: Zhu Zheng (R5RMP6G3GQ)";
				COPY_PHASE_STRIP = NO;
				ENABLE_STRICT_OBJC_MSGSEND = YES;
				ENABLE_TESTABILITY = YES;
				GCC_C_LANGUAGE_STANDARD = ansi;
				GCC_DYNAMIC_NO_PIC = NO;
				GCC_ENABLE_OBJC_EXCEPTIONS = YES;
				GCC_NO_COMMON_BLOCKS = YES;
				GCC_OPTIMIZATION_LEVEL = 0;
				GCC_PREFIX_HEADER = "";
				GCC_PREPROCESSOR_DEFINITIONS = (
					"DEBUG=1",
					"$(inherited)",
				);
				GCC_SYMBOLS_PRIVATE_EXTERN = NO;
				GCC_VERSION = "";
				GCC_WARN_64_TO_32_BIT_CONVERSION = YES;
				GCC_WARN_ABOUT_MISSING_PROTOTYPES = YES;
				GCC_WARN_ABOUT_RETURN_TYPE = YES;
				GCC_WARN_UNDECLARED_SELECTOR = YES;
				GCC_WARN_UNINITIALIZED_AUTOS = YES;
				GCC_WARN_UNUSED_FUNCTION = YES;
				GCC_WARN_UNUSED_VARIABLE = YES;
				MACOSX_DEPLOYMENT_TARGET = 10.6;
				ONLY_ACTIVE_ARCH = YES;
				OTHER_CODE_SIGN_FLAGS = "--deep";
				PROVISIONING_PROFILE = "";
				SDKROOT = macosx;
				VERSIONING_SYSTEM = "apple-generic";
			};
			name = Debug;
		};
		02710EA7152A839F006D4BFF /* Release */ = {
			isa = XCBuildConfiguration;
			buildSettings = {
				ALWAYS_SEARCH_USER_PATHS = NO;
				CLANG_ANALYZER_LOCALIZABILITY_NONLOCALIZED = YES;
				CLANG_WARN_BOOL_CONVERSION = YES;
				CLANG_WARN_CONSTANT_CONVERSION = YES;
				CLANG_WARN_EMPTY_BODY = YES;
				CLANG_WARN_ENUM_CONVERSION = YES;
				CLANG_WARN_INFINITE_RECURSION = YES;
				CLANG_WARN_INT_CONVERSION = YES;
				CLANG_WARN_SUSPICIOUS_MOVE = YES;
				CLANG_WARN_UNREACHABLE_CODE = YES;
				CLANG_WARN__DUPLICATE_METHOD_MATCH = YES;
				CODE_SIGN_IDENTITY = "Developer ID Application: Zhu Zheng (R5RMP6G3GQ)";
				COPY_PHASE_STRIP = YES;
				DEBUG_INFORMATION_FORMAT = "dwarf-with-dsym";
				ENABLE_STRICT_OBJC_MSGSEND = YES;
				GCC_C_LANGUAGE_STANDARD = ansi;
				GCC_ENABLE_OBJC_EXCEPTIONS = YES;
				GCC_NO_COMMON_BLOCKS = YES;
				GCC_PREFIX_HEADER = "";
				GCC_VERSION = "";
				GCC_WARN_64_TO_32_BIT_CONVERSION = YES;
				GCC_WARN_ABOUT_MISSING_PROTOTYPES = YES;
				GCC_WARN_ABOUT_RETURN_TYPE = YES;
				GCC_WARN_UNDECLARED_SELECTOR = YES;
				GCC_WARN_UNINITIALIZED_AUTOS = YES;
				GCC_WARN_UNUSED_FUNCTION = YES;
				GCC_WARN_UNUSED_VARIABLE = YES;
				MACOSX_DEPLOYMENT_TARGET = 10.6;
				OTHER_CODE_SIGN_FLAGS = "--deep";
				PROVISIONING_PROFILE = "";
				SDKROOT = macosx;
				VERSIONING_SYSTEM = "apple-generic";
			};
			name = Release;
		};
		02710EA9152A839F006D4BFF /* Debug */ = {
			isa = XCBuildConfiguration;
			buildSettings = {
				CODE_SIGN_IDENTITY = "Mac Developer";
				"CODE_SIGN_IDENTITY[sdk=macosx*]" = "Mac Developer";
				COMBINE_HIDPI_IMAGES = YES;
				CURRENT_PROJECT_VERSION = 1477;
				DEVELOPMENT_TEAM = XH264QVU7V;
				FRAMEWORK_SEARCH_PATHS = (
					"$(inherited)",
					"$(SRCROOT)",
					/Users/MartianZ/Documents/Xcode/DynamicLyrics/DynamicLyrics,
				);
				GCC_PRECOMPILE_PREFIX_HEADER = YES;
				GCC_PREFIX_HEADER = "LyricX/LyricX-Prefix.pch";
				INFOPLIST_FILE = "LyricX/LyricX-Info.plist";
				MACOSX_DEPLOYMENT_TARGET = 10.10;
				OTHER_LDFLAGS = "-licucore";
				PRODUCT_BUNDLE_IDENTIFIER = "la.4321.${PRODUCT_NAME:rfc1034identifier}";
				PRODUCT_NAME = "$(TARGET_NAME)";
				SKIP_INSTALL = NO;
				WRAPPER_EXTENSION = app;
			};
			name = Debug;
		};
		02710EAA152A839F006D4BFF /* Release */ = {
			isa = XCBuildConfiguration;
			buildSettings = {
				CODE_SIGN_IDENTITY = "Mac Developer";
				"CODE_SIGN_IDENTITY[sdk=macosx*]" = "Mac Developer";
				COMBINE_HIDPI_IMAGES = YES;
				CURRENT_PROJECT_VERSION = 1477;
				DEVELOPMENT_TEAM = XH264QVU7V;
				FRAMEWORK_SEARCH_PATHS = (
					"$(inherited)",
					"$(SRCROOT)",
					/Users/MartianZ/Documents/Xcode/DynamicLyrics/DynamicLyrics,
				);
				GCC_PRECOMPILE_PREFIX_HEADER = YES;
				GCC_PREFIX_HEADER = "LyricX/LyricX-Prefix.pch";
				INFOPLIST_FILE = "LyricX/LyricX-Info.plist";
				MACOSX_DEPLOYMENT_TARGET = 10.10;
				OTHER_LDFLAGS = "-licucore";
				PRODUCT_BUNDLE_IDENTIFIER = "la.4321.${PRODUCT_NAME:rfc1034identifier}";
				PRODUCT_NAME = "$(TARGET_NAME)";
				SKIP_INSTALL = NO;
				WRAPPER_EXTENSION = app;
			};
			name = Release;
		};
/* End XCBuildConfiguration section */

/* Begin XCConfigurationList section */
		02710E84152A839F006D4BFF /* Build configuration list for PBXProject "LyricX" */ = {
			isa = XCConfigurationList;
			buildConfigurations = (
				02710EA6152A839F006D4BFF /* Debug */,
				02710EA7152A839F006D4BFF /* Release */,
			);
			defaultConfigurationIsVisible = 0;
			defaultConfigurationName = Debug;
		};
		02710EA8152A839F006D4BFF /* Build configuration list for PBXNativeTarget "DynamicLyrics" */ = {
			isa = XCConfigurationList;
			buildConfigurations = (
				02710EA9152A839F006D4BFF /* Debug */,
				02710EAA152A839F006D4BFF /* Release */,
			);
			defaultConfigurationIsVisible = 0;
			defaultConfigurationName = Debug;
		};
/* End XCConfigurationList section */
	};
	rootObject = 02710E81152A839F006D4BFF /* Project object */;
}
